
Microsoft Visual Studio Solution File, Format Version 12.00
# Visual Studio Version 16
VisualStudioVersion = 16.0.30413.136
MinimumVisualStudioVersion = 10.0.40219.1
Project("{FAE04EC0-301F-11D3-BF4B-00C04F79EFBC}") = "HashtableDemo", "HashtableDemo\HashtableDemo.csproj", "{B4723C1F-B135-4256-90D8-8DC2CC2D4C7A}"
EndProject
Global
	GlobalSection(SolutionConfigurationPlatforms) = preSolution
		Debug|Any CPU = Debug|Any CPU
		Release|Any CPU = Release|Any CPU
	EndGlobalSection
	GlobalSection(ProjectConfigurationPlatforms) = postSolution
		{B4723C1F-B135-4256-90D8-8DC2CC2D4C7A}.Debug|Any CPU.ActiveCfg = Debug|Any CPU
		{B4723C1F-B135-4256-90D8-8DC2CC2D4C7A}.Debug|Any CPU.Build.0 = Debug|Any CPU
		{B4723C1F-B135-4256-90D8-8DC2CC2D4C7A}.Release|Any CPU.ActiveCfg = Release|Any CPU
		{B4723C1F-B135-4256-90D8-8DC2CC2D4C7A}.Release|Any CPU.Build.0 = Release|Any CPU
	EndGlobalSection
	GlobalSection(SolutionProperties) = preSolution
		HideSolutionNode = FALSE
	EndGlobalSection
	GlobalSection(ExtensibilityGlobals) = postSolution
		SolutionGuid = {DF347076-EA29-4443-9D91-983FD00532F0}
	EndGlobalSection
EndGlobal
