
Microsoft Visual Studio Solution File, Format Version 12.00
# Visual Studio Version 16
VisualStudioVersion = 16.0.30413.136
MinimumVisualStudioVersion = 10.0.40219.1
Project("{FAE04EC0-301F-11D3-BF4B-00C04F79EFBC}") = "ADO_Retrieve", "ADO_Retrieve\ADO_Retrieve.csproj", "{EA2BF934-627E-4D65-AAA1-FF50FECC48A2}"
EndProject
Global
	GlobalSection(SolutionConfigurationPlatforms) = preSolution
		Debug|Any CPU = Debug|Any CPU
		Release|Any CPU = Release|Any CPU
	EndGlobalSection
	GlobalSection(ProjectConfigurationPlatforms) = postSolution
		{EA2BF934-627E-4D65-AAA1-FF50FECC48A2}.Debug|Any CPU.ActiveCfg = Debug|Any CPU
		{EA2BF934-627E-4D65-AAA1-FF50FECC48A2}.Debug|Any CPU.Build.0 = Debug|Any CPU
		{EA2BF934-627E-4D65-AAA1-FF50FECC48A2}.Release|Any CPU.ActiveCfg = Release|Any CPU
		{EA2BF934-627E-4D65-AAA1-FF50FECC48A2}.Release|Any CPU.Build.0 = Release|Any CPU
	EndGlobalSection
	GlobalSection(SolutionProperties) = preSolution
		HideSolutionNode = FALSE
	EndGlobalSection
	GlobalSection(ExtensibilityGlobals) = postSolution
		SolutionGuid = {097A4C23-A0E5-4D2D-A6BB-171657E528A8}
	EndGlobalSection
EndGlobal
