
Microsoft Visual Studio Solution File, Format Version 12.00
# Visual Studio Version 16
VisualStudioVersion = 16.0.30413.136
MinimumVisualStudioVersion = 10.0.40219.1
Project("{FAE04EC0-301F-11D3-BF4B-00C04F79EFBC}") = "ObserverCreate", "ObserverCreate\ObserverCreate.csproj", "{4883C236-4EC4-48B2-8B79-706E1628EE8A}"
EndProject
Global
	GlobalSection(SolutionConfigurationPlatforms) = preSolution
		Debug|Any CPU = Debug|Any CPU
		Release|Any CPU = Release|Any CPU
	EndGlobalSection
	GlobalSection(ProjectConfigurationPlatforms) = postSolution
		{4883C236-4EC4-48B2-8B79-706E1628EE8A}.Debug|Any CPU.ActiveCfg = Debug|Any CPU
		{4883C236-4EC4-48B2-8B79-706E1628EE8A}.Debug|Any CPU.Build.0 = Debug|Any CPU
		{4883C236-4EC4-48B2-8B79-706E1628EE8A}.Release|Any CPU.ActiveCfg = Release|Any CPU
		{4883C236-4EC4-48B2-8B79-706E1628EE8A}.Release|Any CPU.Build.0 = Release|Any CPU
	EndGlobalSection
	GlobalSection(SolutionProperties) = preSolution
		HideSolutionNode = FALSE
	EndGlobalSection
	GlobalSection(ExtensibilityGlobals) = postSolution
		SolutionGuid = {8709A72A-AD73-41B3-B65F-47144D1196AF}
	EndGlobalSection
EndGlobal
