
Microsoft Visual Studio Solution File, Format Version 12.00
# Visual Studio Version 16
VisualStudioVersion = 16.0.30413.136
MinimumVisualStudioVersion = 10.0.40219.1
Project("{FAE04EC0-301F-11D3-BF4B-00C04F79EFBC}") = "Synchronous_Client", "Synchronous_Client\Synchronous_Client.csproj", "{861B9393-3B57-46FD-95F2-6BD6C332C198}"
EndProject
Project("{FAE04EC0-301F-11D3-BF4B-00C04F79EFBC}") = "Synchronous_Server", "Synchronous_Server\Synchronous_Server.csproj", "{42F84CDE-AE8C-4C35-8E59-200309E86D00}"
EndProject
Global
	GlobalSection(SolutionConfigurationPlatforms) = preSolution
		Debug|Any CPU = Debug|Any CPU
		Release|Any CPU = Release|Any CPU
	EndGlobalSection
	GlobalSection(ProjectConfigurationPlatforms) = postSolution
		{861B9393-3B57-46FD-95F2-6BD6C332C198}.Debug|Any CPU.ActiveCfg = Debug|Any CPU
		{861B9393-3B57-46FD-95F2-6BD6C332C198}.Debug|Any CPU.Build.0 = Debug|Any CPU
		{861B9393-3B57-46FD-95F2-6BD6C332C198}.Release|Any CPU.ActiveCfg = Release|Any CPU
		{861B9393-3B57-46FD-95F2-6BD6C332C198}.Release|Any CPU.Build.0 = Release|Any CPU
		{42F84CDE-AE8C-4C35-8E59-200309E86D00}.Debug|Any CPU.ActiveCfg = Debug|Any CPU
		{42F84CDE-AE8C-4C35-8E59-200309E86D00}.Debug|Any CPU.Build.0 = Debug|Any CPU
		{42F84CDE-AE8C-4C35-8E59-200309E86D00}.Release|Any CPU.ActiveCfg = Release|Any CPU
		{42F84CDE-AE8C-4C35-8E59-200309E86D00}.Release|Any CPU.Build.0 = Release|Any CPU
	EndGlobalSection
	GlobalSection(SolutionProperties) = preSolution
		HideSolutionNode = FALSE
	EndGlobalSection
	GlobalSection(ExtensibilityGlobals) = postSolution
		SolutionGuid = {B17CF565-45CB-4849-A9A5-0927F8B5CD44}
	EndGlobalSection
EndGlobal
