
Microsoft Visual Studio Solution File, Format Version 12.00
# Visual Studio Version 16
VisualStudioVersion = 16.0.30413.136
MinimumVisualStudioVersion = 10.0.40219.1
Project("{FAE04EC0-301F-11D3-BF4B-00C04F79EFBC}") = "Calculator", "Calculator\Calculator.csproj", "{4F81162A-BA74-40FB-8252-BD2367034B6D}"
EndProject
Project("{FAE04EC0-301F-11D3-BF4B-00C04F79EFBC}") = "CalculateTest", "CalculateTest\CalculateTest.csproj", "{F5982FE2-55D3-437E-9CDD-EE8D8609361A}"
EndProject
Global
	GlobalSection(SolutionConfigurationPlatforms) = preSolution
		Debug|Any CPU = Debug|Any CPU
		Release|Any CPU = Release|Any CPU
	EndGlobalSection
	GlobalSection(ProjectConfigurationPlatforms) = postSolution
		{4F81162A-BA74-40FB-8252-BD2367034B6D}.Debug|Any CPU.ActiveCfg = Debug|Any CPU
		{4F81162A-BA74-40FB-8252-BD2367034B6D}.Debug|Any CPU.Build.0 = Debug|Any CPU
		{4F81162A-BA74-40FB-8252-BD2367034B6D}.Release|Any CPU.ActiveCfg = Release|Any CPU
		{4F81162A-BA74-40FB-8252-BD2367034B6D}.Release|Any CPU.Build.0 = Release|Any CPU
		{F5982FE2-55D3-437E-9CDD-EE8D8609361A}.Debug|Any CPU.ActiveCfg = Debug|Any CPU
		{F5982FE2-55D3-437E-9CDD-EE8D8609361A}.Debug|Any CPU.Build.0 = Debug|Any CPU
		{F5982FE2-55D3-437E-9CDD-EE8D8609361A}.Release|Any CPU.ActiveCfg = Release|Any CPU
		{F5982FE2-55D3-437E-9CDD-EE8D8609361A}.Release|Any CPU.Build.0 = Release|Any CPU
	EndGlobalSection
	GlobalSection(SolutionProperties) = preSolution
		HideSolutionNode = FALSE
	EndGlobalSection
	GlobalSection(ExtensibilityGlobals) = postSolution
		SolutionGuid = {F761D3F4-C4CD-4986-9BEB-57E97EBAF7F4}
	EndGlobalSection
EndGlobal
