
Microsoft Visual Studio Solution File, Format Version 12.00
# Visual Studio Version 16
VisualStudioVersion = 16.0.30413.136
MinimumVisualStudioVersion = 10.0.40219.1
Project("{FAE04EC0-301F-11D3-BF4B-00C04F79EFBC}") = "MVCdemo", "MVCdemo\MVCdemo.csproj", "{4DDD8D3B-3E19-4DA3-9859-26513A1EA02B}"
EndProject
Global
	GlobalSection(SolutionConfigurationPlatforms) = preSolution
		Debug|Any CPU = Debug|Any CPU
		Release|Any CPU = Release|Any CPU
	EndGlobalSection
	GlobalSection(ProjectConfigurationPlatforms) = postSolution
		{4DDD8D3B-3E19-4DA3-9859-26513A1EA02B}.Debug|Any CPU.ActiveCfg = Debug|Any CPU
		{4DDD8D3B-3E19-4DA3-9859-26513A1EA02B}.Debug|Any CPU.Build.0 = Debug|Any CPU
		{4DDD8D3B-3E19-4DA3-9859-26513A1EA02B}.Release|Any CPU.ActiveCfg = Release|Any CPU
		{4DDD8D3B-3E19-4DA3-9859-26513A1EA02B}.Release|Any CPU.Build.0 = Release|Any CPU
	EndGlobalSection
	GlobalSection(SolutionProperties) = preSolution
		HideSolutionNode = FALSE
	EndGlobalSection
	GlobalSection(ExtensibilityGlobals) = postSolution
		SolutionGuid = {C95E6F20-2857-40F9-BD71-820ADA5B7AD1}
	EndGlobalSection
EndGlobal
