
Microsoft Visual Studio Solution File, Format Version 12.00
# Visual Studio Version 16
VisualStudioVersion = 16.0.30413.136
MinimumVisualStudioVersion = 10.0.40219.1
Project("{FAE04EC0-301F-11D3-BF4B-00C04F79EFBC}") = "Task_Await2", "Task_Await2\Task_Await2.csproj", "{E7C36AB4-7F85-4838-9E59-3C57AF72D797}"
EndProject
Global
	GlobalSection(SolutionConfigurationPlatforms) = preSolution
		Debug|Any CPU = Debug|Any CPU
		Release|Any CPU = Release|Any CPU
	EndGlobalSection
	GlobalSection(ProjectConfigurationPlatforms) = postSolution
		{E7C36AB4-7F85-4838-9E59-3C57AF72D797}.Debug|Any CPU.ActiveCfg = Debug|Any CPU
		{E7C36AB4-7F85-4838-9E59-3C57AF72D797}.Debug|Any CPU.Build.0 = Debug|Any CPU
		{E7C36AB4-7F85-4838-9E59-3C57AF72D797}.Release|Any CPU.ActiveCfg = Release|Any CPU
		{E7C36AB4-7F85-4838-9E59-3C57AF72D797}.Release|Any CPU.Build.0 = Release|Any CPU
	EndGlobalSection
	GlobalSection(SolutionProperties) = preSolution
		HideSolutionNode = FALSE
	EndGlobalSection
	GlobalSection(ExtensibilityGlobals) = postSolution
		SolutionGuid = {2145F0C7-6465-4679-AEF8-4541C2A03B20}
	EndGlobalSection
EndGlobal
