
Microsoft Visual Studio Solution File, Format Version 12.00
# Visual Studio Version 16
VisualStudioVersion = 16.0.30413.136
MinimumVisualStudioVersion = 10.0.40219.1
Project("{A07B5EB6-E848-4116-A8D0-A826331D98C6}") = "Service_Fabric_Demo", "Service_Fabric_Demo\Service_Fabric_Demo.sfproj", "{5E62DB53-73B6-43A7-9F3B-B4B6B6D2818E}"
EndProject
Project("{9A19103F-16F7-4668-BE54-9A1E7A4F7556}") = "FirstServiceFabric", "FirstServiceFabric\FirstServiceFabric.csproj", "{1C79F3CC-A1F6-4819-A0BE-B06337A00364}"
EndProject
Project("{FAE04EC0-301F-11D3-BF4B-00C04F79EFBC}") = "FirstStatelessAPI", "FirstStatelessAPI\FirstStatelessAPI.csproj", "{5B5FA3DF-2E84-44FA-8718-2B349C4E9E4E}"
EndProject
Global
	GlobalSection(SolutionConfigurationPlatforms) = preSolution
		Debug|Any CPU = Debug|Any CPU
		Debug|x64 = Debug|x64
		Release|Any CPU = Release|Any CPU
		Release|x64 = Release|x64
	EndGlobalSection
	GlobalSection(ProjectConfigurationPlatforms) = postSolution
		{5E62DB53-73B6-43A7-9F3B-B4B6B6D2818E}.Debug|Any CPU.ActiveCfg = Debug|x64
		{5E62DB53-73B6-43A7-9F3B-B4B6B6D2818E}.Debug|x64.ActiveCfg = Debug|x64
		{5E62DB53-73B6-43A7-9F3B-B4B6B6D2818E}.Debug|x64.Build.0 = Debug|x64
		{5E62DB53-73B6-43A7-9F3B-B4B6B6D2818E}.Debug|x64.Deploy.0 = Debug|x64
		{5E62DB53-73B6-43A7-9F3B-B4B6B6D2818E}.Release|Any CPU.ActiveCfg = Release|x64
		{5E62DB53-73B6-43A7-9F3B-B4B6B6D2818E}.Release|x64.ActiveCfg = Release|x64
		{5E62DB53-73B6-43A7-9F3B-B4B6B6D2818E}.Release|x64.Build.0 = Release|x64
		{5E62DB53-73B6-43A7-9F3B-B4B6B6D2818E}.Release|x64.Deploy.0 = Release|x64
		{1C79F3CC-A1F6-4819-A0BE-B06337A00364}.Debug|Any CPU.ActiveCfg = Debug|Any CPU
		{1C79F3CC-A1F6-4819-A0BE-B06337A00364}.Debug|Any CPU.Build.0 = Debug|Any CPU
		{1C79F3CC-A1F6-4819-A0BE-B06337A00364}.Debug|x64.ActiveCfg = Debug|Any CPU
		{1C79F3CC-A1F6-4819-A0BE-B06337A00364}.Debug|x64.Build.0 = Debug|Any CPU
		{1C79F3CC-A1F6-4819-A0BE-B06337A00364}.Release|Any CPU.ActiveCfg = Release|Any CPU
		{1C79F3CC-A1F6-4819-A0BE-B06337A00364}.Release|Any CPU.Build.0 = Release|Any CPU
		{1C79F3CC-A1F6-4819-A0BE-B06337A00364}.Release|x64.ActiveCfg = Release|Any CPU
		{1C79F3CC-A1F6-4819-A0BE-B06337A00364}.Release|x64.Build.0 = Release|Any CPU
		{5B5FA3DF-2E84-44FA-8718-2B349C4E9E4E}.Debug|Any CPU.ActiveCfg = Debug|Any CPU
		{5B5FA3DF-2E84-44FA-8718-2B349C4E9E4E}.Debug|Any CPU.Build.0 = Debug|Any CPU
		{5B5FA3DF-2E84-44FA-8718-2B349C4E9E4E}.Debug|x64.ActiveCfg = Debug|Any CPU
		{5B5FA3DF-2E84-44FA-8718-2B349C4E9E4E}.Debug|x64.Build.0 = Debug|Any CPU
		{5B5FA3DF-2E84-44FA-8718-2B349C4E9E4E}.Release|Any CPU.ActiveCfg = Release|Any CPU
		{5B5FA3DF-2E84-44FA-8718-2B349C4E9E4E}.Release|Any CPU.Build.0 = Release|Any CPU
		{5B5FA3DF-2E84-44FA-8718-2B349C4E9E4E}.Release|x64.ActiveCfg = Release|Any CPU
		{5B5FA3DF-2E84-44FA-8718-2B349C4E9E4E}.Release|x64.Build.0 = Release|Any CPU
	EndGlobalSection
	GlobalSection(SolutionProperties) = preSolution
		HideSolutionNode = FALSE
	EndGlobalSection
	GlobalSection(ExtensibilityGlobals) = postSolution
		SolutionGuid = {F4C5F28B-CFF2-4C11-969E-89C777ABE176}
	EndGlobalSection
EndGlobal
