
Microsoft Visual Studio Solution File, Format Version 12.00
# Visual Studio Version 16
VisualStudioVersion = 16.0.30413.136
MinimumVisualStudioVersion = 10.0.40219.1
Project("{FAE04EC0-301F-11D3-BF4B-00C04F79EFBC}") = "ADO_Insert", "ADO_Insert\ADO_Insert.csproj", "{88FFC281-FFA5-49C1-AE68-DD08491A0258}"
EndProject
Global
	GlobalSection(SolutionConfigurationPlatforms) = preSolution
		Debug|Any CPU = Debug|Any CPU
		Release|Any CPU = Release|Any CPU
	EndGlobalSection
	GlobalSection(ProjectConfigurationPlatforms) = postSolution
		{88FFC281-FFA5-49C1-AE68-DD08491A0258}.Debug|Any CPU.ActiveCfg = Debug|Any CPU
		{88FFC281-FFA5-49C1-AE68-DD08491A0258}.Debug|Any CPU.Build.0 = Debug|Any CPU
		{88FFC281-FFA5-49C1-AE68-DD08491A0258}.Release|Any CPU.ActiveCfg = Release|Any CPU
		{88FFC281-FFA5-49C1-AE68-DD08491A0258}.Release|Any CPU.Build.0 = Release|Any CPU
	EndGlobalSection
	GlobalSection(SolutionProperties) = preSolution
		HideSolutionNode = FALSE
	EndGlobalSection
	GlobalSection(ExtensibilityGlobals) = postSolution
		SolutionGuid = {4FF7405D-34CE-41A6-81BA-D0628F10271A}
	EndGlobalSection
EndGlobal
